
Microsoft Visual Studio Solution File, Format Version 12.00
# Visual Studio Version 17
VisualStudioVersion = 17.9.34607.119
MinimumVisualStudioVersion = 10.0.40219.1
Project("{FAE04EC0-301F-11D3-BF4B-00C04F79EFBC}") = "TesteEstagio", "TesteEstagio\TesteEstagio.csproj", "{12783EFB-AA12-4572-A444-45D12761B212}"
EndProject
Global
	GlobalSection(SolutionConfigurationPlatforms) = preSolution
		Debug|Any CPU = Debug|Any CPU
		Release|Any CPU = Release|Any CPU
	EndGlobalSection
	GlobalSection(ProjectConfigurationPlatforms) = postSolution
		{12783EFB-AA12-4572-A444-45D12761B212}.Debug|Any CPU.ActiveCfg = Debug|Any CPU
		{12783EFB-AA12-4572-A444-45D12761B212}.Debug|Any CPU.Build.0 = Debug|Any CPU
		{12783EFB-AA12-4572-A444-45D12761B212}.Release|Any CPU.ActiveCfg = Release|Any CPU
		{12783EFB-AA12-4572-A444-45D12761B212}.Release|Any CPU.Build.0 = Release|Any CPU
	EndGlobalSection
	GlobalSection(SolutionProperties) = preSolution
		HideSolutionNode = FALSE
	EndGlobalSection
	GlobalSection(ExtensibilityGlobals) = postSolution
		SolutionGuid = {AC03C30E-095C-4DB8-9A52-E141E5E6E86E}
	EndGlobalSection
EndGlobal
